// !$*UTF8*$!
{
	archiveVersion = 1;
	classes = {
	};
	objectVersion = 46;
	objects = {

/* Begin PBXBuildFile section */
		18F9CF9A1C17CA6600DEA030 /* main.m in Sources */ = {isa = PBXBuildFile; fileRef = 18F9CF991C17CA6600DEA030 /* main.m */; };
		18F9CF9D1C17CA6600DEA030 /* AppDelegate.m in Sources */ = {isa = PBXBuildFile; fileRef = 18F9CF9C1C17CA6600DEA030 /* AppDelegate.m */; };
		18F9CFA31C17CA6600DEA030 /* Main.storyboard in Resources */ = {isa = PBXBuildFile; fileRef = 18F9CFA11C17CA6600DEA030 /* Main.storyboard */; };
		18F9CFA51C17CA6600DEA030 /* Assets.xcassets in Resources */ = {isa = PBXBuildFile; fileRef = 18F9CFA41C17CA6600DEA030 /* Assets.xcassets */; };
		18F9CFA81C17CA6600DEA030 /* LaunchScreen.storyboard in Resources */ = {isa = PBXBuildFile; fileRef = 18F9CFA61C17CA6600DEA030 /* LaunchScreen.storyboard */; };
		18F9CFB31C17CA6700DEA030 /* HYCardViewTests.m in Sources */ = {isa = PBXBuildFile; fileRef = 18F9CFB21C17CA6700DEA030 /* HYCardViewTests.m */; };
		18F9CFBE1C17CA6700DEA030 /* HYCardViewUITests.m in Sources */ = {isa = PBXBuildFile; fileRef = 18F9CFBD1C17CA6700DEA030 /* HYCardViewUITests.m */; };
		18F9CFCE1C17CB9600DEA030 /* HYCardViewController.m in Sources */ = {isa = PBXBuildFile; fileRef = 18F9CFCD1C17CB9600DEA030 /* HYCardViewController.m */; };
		18F9CFD31C17CD8500DEA030 /* HYCardCollectionViewCell.m in Sources */ = {isa = PBXBuildFile; fileRef = 18F9CFD11C17CD8500DEA030 /* HYCardCollectionViewCell.m */; };
		18F9CFDC1C180BF600DEA030 /* HYCustomFlowLayout.m in Sources */ = {isa = PBXBuildFile; fileRef = 18F9CFDB1C180BF600DEA030 /* HYCustomFlowLayout.m */; };
/* End PBXBuildFile section */

/* Begin PBXContainerItemProxy section */
		18F9CFAF1C17CA6700DEA030 /* PBXContainerItemProxy */ = {
			isa = PBXContainerItemProxy;
			containerPortal = 18F9CF8D1C17CA6600DEA030 /* Project object */;
			proxyType = 1;
			remoteGlobalIDString = 18F9CF941C17CA6600DEA030;
			remoteInfo = HYCardView;
		};
		18F9CFBA1C17CA6700DEA030 /* PBXContainerItemProxy */ = {
			isa = PBXContainerItemProxy;
			containerPortal = 18F9CF8D1C17CA6600DEA030 /* Project object */;
			proxyType = 1;
			remoteGlobalIDString = 18F9CF941C17CA6600DEA030;
			remoteInfo = HYCardView;
		};
/* End PBXContainerItemProxy section */

/* Begin PBXFileReference section */
		18F9CF951C17CA6600DEA030 /* HYCardView.app */ = {isa = PBXFileReference; explicitFileType = wrapper.application; includeInIndex = 0; path = HYCardView.app; sourceTree = BUILT_PRODUCTS_DIR; };
		18F9CF991C17CA6600DEA030 /* main.m */ = {isa = PBXFileReference; lastKnownFileType = sourcecode.c.objc; path = main.m; sourceTree = "<group>"; };
		18F9CF9B1C17CA6600DEA030 /* AppDelegate.h */ = {isa = PBXFileReference; lastKnownFileType = sourcecode.c.h; path = AppDelegate.h; sourceTree = "<group>"; };
		18F9CF9C1C17CA6600DEA030 /* AppDelegate.m */ = {isa = PBXFileReference; lastKnownFileType = sourcecode.c.objc; path = AppDelegate.m; sourceTree = "<group>"; };
		18F9CFA21C17CA6600DEA030 /* Base */ = {isa = PBXFileReference; lastKnownFileType = file.storyboard; name = Base; path = Base.lproj/Main.storyboard; sourceTree = "<group>"; };
		18F9CFA41C17CA6600DEA030 /* Assets.xcassets */ = {isa = PBXFileReference; lastKnownFileType = folder.assetcatalog; path = Assets.xcassets; sourceTree = "<group>"; };
		18F9CFA71C17CA6600DEA030 /* Base */ = {isa = PBXFileReference; lastKnownFileType = file.storyboard; name = Base; path = Base.lproj/LaunchScreen.storyboard; sourceTree = "<group>"; };
		18F9CFA91C17CA6600DEA030 /* Info.plist */ = {isa = PBXFileReference; lastKnownFileType = text.plist.xml; path = Info.plist; sourceTree = "<group>"; };
		18F9CFAE1C17CA6700DEA030 /* HYCardViewTests.xctest */ = {isa = PBXFileReference; explicitFileType = wrapper.cfbundle; includeInIndex = 0; path = HYCardViewTests.xctest; sourceTree = BUILT_PRODUCTS_DIR; };
		18F9CFB21C17CA6700DEA030 /* HYCardViewTests.m */ = {isa = PBXFileReference; lastKnownFileType = sourcecode.c.objc; path = HYCardViewTests.m; sourceTree = "<group>"; };
		18F9CFB41C17CA6700DEA030 /* Info.plist */ = {isa = PBXFileReference; lastKnownFileType = text.plist.xml; path = Info.plist; sourceTree = "<group>"; };
		18F9CFB91C17CA6700DEA030 /* HYCardViewUITests.xctest */ = {isa = PBXFileReference; explicitFileType = wrapper.cfbundle; includeInIndex = 0; path = HYCardViewUITests.xctest; sourceTree = BUILT_PRODUCTS_DIR; };
		18F9CFBD1C17CA6700DEA030 /* HYCardViewUITests.m */ = {isa = PBXFileReference; lastKnownFileType = sourcecode.c.objc; path = HYCardViewUITests.m; sourceTree = "<group>"; };
		18F9CFBF1C17CA6700DEA030 /* Info.plist */ = {isa = PBXFileReference; lastKnownFileType = text.plist.xml; path = Info.plist; sourceTree = "<group>"; };
		18F9CFCC1C17CB9600DEA030 /* HYCardViewController.h */ = {isa = PBXFileReference; fileEncoding = 4; lastKnownFileType = sourcecode.c.h; name = HYCardViewController.h; path = "card view/HYCardViewController.h"; sourceTree = "<group>"; };
		18F9CFCD1C17CB9600DEA030 /* HYCardViewController.m */ = {isa = PBXFileReference; fileEncoding = 4; lastKnownFileType = sourcecode.c.objc; name = HYCardViewController.m; path = "card view/HYCardViewController.m"; sourceTree = "<group>"; };
		18F9CFD01C17CD8500DEA030 /* HYCardCollectionViewCell.h */ = {isa = PBXFileReference; fileEncoding = 4; lastKnownFileType = sourcecode.c.h; name = HYCardCollectionViewCell.h; path = "card view/cell/HYCardCollectionViewCell.h"; sourceTree = "<group>"; };
		18F9CFD11C17CD8500DEA030 /* HYCardCollectionViewCell.m */ = {isa = PBXFileReference; fileEncoding = 4; lastKnownFileType = sourcecode.c.objc; name = HYCardCollectionViewCell.m; path = "card view/cell/HYCardCollectionViewCell.m"; sourceTree = "<group>"; };
		18F9CFDA1C180BF600DEA030 /* HYCustomFlowLayout.h */ = {isa = PBXFileReference; fileEncoding = 4; lastKnownFileType = sourcecode.c.h; name = HYCustomFlowLayout.h; path = "card view/custom flow layout/HYCustomFlowLayout.h"; sourceTree = "<group>"; };
		18F9CFDB1C180BF600DEA030 /* HYCustomFlowLayout.m */ = {isa = PBXFileReference; fileEncoding = 4; lastKnownFileType = sourcecode.c.objc; name = HYCustomFlowLayout.m; path = "card view/custom flow layout/HYCustomFlowLayout.m"; sourceTree = "<group>"; };
/* End PBXFileReference section */

/* Begin PBXFrameworksBuildPhase section */
		18F9CF921C17CA6600DEA030 /* Frameworks */ = {
			isa = PBXFrameworksBuildPhase;
			buildActionMask = 2147483647;
			files = (
			);
			runOnlyForDeploymentPostprocessing = 0;
		};
		18F9CFAB1C17CA6700DEA030 /* Frameworks */ = {
			isa = PBXFrameworksBuildPhase;
			buildActionMask = 2147483647;
			files = (
			);
			runOnlyForDeploymentPostprocessing = 0;
		};
		18F9CFB61C17CA6700DEA030 /* Frameworks */ = {
			isa = PBXFrameworksBuildPhase;
			buildActionMask = 2147483647;
			files = (
			);
			runOnlyForDeploymentPostprocessing = 0;
		};
/* End PBXFrameworksBuildPhase section */

/* Begin PBXGroup section */
		18F9CF8C1C17CA6600DEA030 = {
			isa = PBXGroup;
			children = (
				18F9CF971C17CA6600DEA030 /* HYCardView */,
				18F9CFB11C17CA6700DEA030 /* HYCardViewTests */,
				18F9CFBC1C17CA6700DEA030 /* HYCardViewUITests */,
				18F9CF961C17CA6600DEA030 /* Products */,
			);
			sourceTree = "<group>";
		};
		18F9CF961C17CA6600DEA030 /* Products */ = {
			isa = PBXGroup;
			children = (
				18F9CF951C17CA6600DEA030 /* HYCardView.app */,
				18F9CFAE1C17CA6700DEA030 /* HYCardViewTests.xctest */,
				18F9CFB91C17CA6700DEA030 /* HYCardViewUITests.xctest */,
			);
			name = Products;
			sourceTree = "<group>";
		};
		18F9CF971C17CA6600DEA030 /* HYCardView */ = {
			isa = PBXGroup;
			children = (
				18F9CFCB1C17CA7D00DEA030 /* card view */,
				18F9CF9B1C17CA6600DEA030 /* AppDelegate.h */,
				18F9CF9C1C17CA6600DEA030 /* AppDelegate.m */,
				18F9CFA11C17CA6600DEA030 /* Main.storyboard */,
				18F9CFA41C17CA6600DEA030 /* Assets.xcassets */,
				18F9CFA61C17CA6600DEA030 /* LaunchScreen.storyboard */,
				18F9CFA91C17CA6600DEA030 /* Info.plist */,
				18F9CF981C17CA6600DEA030 /* Supporting Files */,
			);
			path = HYCardView;
			sourceTree = "<group>";
		};
		18F9CF981C17CA6600DEA030 /* Supporting Files */ = {
			isa = PBXGroup;
			children = (
				18F9CF991C17CA6600DEA030 /* main.m */,
			);
			name = "Supporting Files";
			sourceTree = "<group>";
		};
		18F9CFB11C17CA6700DEA030 /* HYCardViewTests */ = {
			isa = PBXGroup;
			children = (
				18F9CFB21C17CA6700DEA030 /* HYCardViewTests.m */,
				18F9CFB41C17CA6700DEA030 /* Info.plist */,
			);
			path = HYCardViewTests;
			sourceTree = "<group>";
		};
		18F9CFBC1C17CA6700DEA030 /* HYCardViewUITests */ = {
			isa = PBXGroup;
			children = (
				18F9CFBD1C17CA6700DEA030 /* HYCardViewUITests.m */,
				18F9CFBF1C17CA6700DEA030 /* Info.plist */,
			);
			path = HYCardViewUITests;
			sourceTree = "<group>";
		};
		18F9CFCB1C17CA7D00DEA030 /* card view */ = {
			isa = PBXGroup;
			children = (
				18F9CFD91C180BB300DEA030 /* custom flow layout */,
				18F9CFCF1C17CD3F00DEA030 /* cell */,
				18F9CFCC1C17CB9600DEA030 /* HYCardViewController.h */,
				18F9CFCD1C17CB9600DEA030 /* HYCardViewController.m */,
			);
			name = "card view";
			sourceTree = "<group>";
		};
		18F9CFCF1C17CD3F00DEA030 /* cell */ = {
			isa = PBXGroup;
			children = (
				18F9CFD01C17CD8500DEA030 /* HYCardCollectionViewCell.h */,
				18F9CFD11C17CD8500DEA030 /* HYCardCollectionViewCell.m */,
			);
			name = cell;
			sourceTree = "<group>";
		};
		18F9CFD91C180BB300DEA030 /* custom flow layout */ = {
			isa = PBXGroup;
			children = (
				18F9CFDA1C180BF600DEA030 /* HYCustomFlowLayout.h */,
				18F9CFDB1C180BF600DEA030 /* HYCustomFlowLayout.m */,
			);
			name = "custom flow layout";
			sourceTree = "<group>";
		};
/* End PBXGroup section */

/* Begin PBXNativeTarget section */
		18F9CF941C17CA6600DEA030 /* HYCardView */ = {
			isa = PBXNativeTarget;
			buildConfigurationList = 18F9CFC21C17CA6700DEA030 /* Build configuration list for PBXNativeTarget "HYCardView" */;
			buildPhases = (
				18F9CF911C17CA6600DEA030 /* Sources */,
				18F9CF921C17CA6600DEA030 /* Frameworks */,
				18F9CF931C17CA6600DEA030 /* Resources */,
			);
			buildRules = (
			);
			dependencies = (
			);
			name = HYCardView;
			productName = HYCardView;
			productReference = 18F9CF951C17CA6600DEA030 /* HYCardView.app */;
			productType = "com.apple.product-type.application";
		};
		18F9CFAD1C17CA6700DEA030 /* HYCardViewTests */ = {
			isa = PBXNativeTarget;
			buildConfigurationList = 18F9CFC51C17CA6700DEA030 /* Build configuration list for PBXNativeTarget "HYCardViewTests" */;
			buildPhases = (
				18F9CFAA1C17CA6700DEA030 /* Sources */,
				18F9CFAB1C17CA6700DEA030 /* Frameworks */,
				18F9CFAC1C17CA6700DEA030 /* Resources */,
			);
			buildRules = (
			);
			dependencies = (
				18F9CFB01C17CA6700DEA030 /* PBXTargetDependency */,
			);
			name = HYCardViewTests;
			productName = HYCardViewTests;
			productReference = 18F9CFAE1C17CA6700DEA030 /* HYCardViewTests.xctest */;
			productType = "com.apple.product-type.bundle.unit-test";
		};
		18F9CFB81C17CA6700DEA030 /* HYCardViewUITests */ = {
			isa = PBXNativeTarget;
			buildConfigurationList = 18F9CFC81C17CA6700DEA030 /* Build configuration list for PBXNativeTarget "HYCardViewUITests" */;
			buildPhases = (
				18F9CFB51C17CA6700DEA030 /* Sources */,
				18F9CFB61C17CA6700DEA030 /* Frameworks */,
				18F9CFB71C17CA6700DEA030 /* Resources */,
			);
			buildRules = (
			);
			dependencies = (
				18F9CFBB1C17CA6700DEA030 /* PBXTargetDependency */,
			);
			name = HYCardViewUITests;
			productName = HYCardViewUITests;
			productReference = 18F9CFB91C17CA6700DEA030 /* HYCardViewUITests.xctest */;
			productType = "com.apple.product-type.bundle.ui-testing";
		};
/* End PBXNativeTarget section */

/* Begin PBXProject section */
		18F9CF8D1C17CA6600DEA030 /* Project object */ = {
			isa = PBXProject;
			attributes = {
				LastUpgradeCheck = 0710;
				ORGANIZATIONNAME = hyyy;
				TargetAttributes = {
					18F9CF941C17CA6600DEA030 = {
						CreatedOnToolsVersion = 7.1;
					};
					18F9CFAD1C17CA6700DEA030 = {
						CreatedOnToolsVersion = 7.1;
						TestTargetID = 18F9CF941C17CA6600DEA030;
					};
					18F9CFB81C17CA6700DEA030 = {
						CreatedOnToolsVersion = 7.1;
						TestTargetID = 18F9CF941C17CA6600DEA030;
					};
				};
			};
			buildConfigurationList = 18F9CF901C17CA6600DEA030 /* Build configuration list for PBXProject "HYCardView" */;
			compatibilityVersion = "Xcode 3.2";
			developmentRegion = English;
			hasScannedForEncodings = 0;
			knownRegions = (
				en,
				Base,
			);
			mainGroup = 18F9CF8C1C17CA6600DEA030;
			productRefGroup = 18F9CF961C17CA6600DEA030 /* Products */;
			projectDirPath = "";
			projectRoot = "";
			targets = (
				18F9CF941C17CA6600DEA030 /* HYCardView */,
				18F9CFAD1C17CA6700DEA030 /* HYCardViewTests */,
				18F9CFB81C17CA6700DEA030 /* HYCardViewUITests */,
			);
		};
/* End PBXProject section */

/* Begin PBXResourcesBuildPhase section */
		18F9CF931C17CA6600DEA030 /* Resources */ = {
			isa = PBXResourcesBuildPhase;
			buildActionMask = 2147483647;
			files = (
				18F9CFA81C17CA6600DEA030 /* LaunchScreen.storyboard in Resources */,
				18F9CFA51C17CA6600DEA030 /* Assets.xcassets in Resources */,
				18F9CFA31C17CA6600DEA030 /* Main.storyboard in Resources */,
			);
			runOnlyForDeploymentPostprocessing = 0;
		};
		18F9CFAC1C17CA6700DEA030 /* Resources */ = {
			isa = PBXResourcesBuildPhase;
			buildActionMask = 2147483647;
			files = (
			);
			runOnlyForDeploymentPostprocessing = 0;
		};
		18F9CFB71C17CA6700DEA030 /* Resources */ = {
			isa = PBXResourcesBuildPhase;
			buildActionMask = 2147483647;
			files = (
			);
			runOnlyForDeploymentPostprocessing = 0;
		};
/* End PBXResourcesBuildPhase section */

/* Begin PBXSourcesBuildPhase section */
		18F9CF911C17CA6600DEA030 /* Sources */ = {
			isa = PBXSourcesBuildPhase;
			buildActionMask = 2147483647;
			files = (
				18F9CFD31C17CD8500DEA030 /* HYCardCollectionViewCell.m in Sources */,
				18F9CFDC1C180BF600DEA030 /* HYCustomFlowLayout.m in Sources */,
				18F9CFCE1C17CB9600DEA030 /* HYCardViewController.m in Sources */,
				18F9CF9D1C17CA6600DEA030 /* AppDelegate.m in Sources */,
				18F9CF9A1C17CA6600DEA030 /* main.m in Sources */,
			);
			runOnlyForDeploymentPostprocessing = 0;
		};
		18F9CFAA1C17CA6700DEA030 /* Sources */ = {
			isa = PBXSourcesBuildPhase;
			buildActionMask = 2147483647;
			files = (
				18F9CFB31C17CA6700DEA030 /* HYCardViewTests.m in Sources */,
			);
			runOnlyForDeploymentPostprocessing = 0;
		};
		18F9CFB51C17CA6700DEA030 /* Sources */ = {
			isa = PBXSourcesBuildPhase;
			buildActionMask = 2147483647;
			files = (
				18F9CFBE1C17CA6700DEA030 /* HYCardViewUITests.m in Sources */,
			);
			runOnlyForDeploymentPostprocessing = 0;
		};
/* End PBXSourcesBuildPhase section */

/* Begin PBXTargetDependency section */
		18F9CFB01C17CA6700DEA030 /* PBXTargetDependency */ = {
			isa = PBXTargetDependency;
			target = 18F9CF941C17CA6600DEA030 /* HYCardView */;
			targetProxy = 18F9CFAF1C17CA6700DEA030 /* PBXContainerItemProxy */;
		};
		18F9CFBB1C17CA6700DEA030 /* PBXTargetDependency */ = {
			isa = PBXTargetDependency;
			target = 18F9CF941C17CA6600DEA030 /* HYCardView */;
			targetProxy = 18F9CFBA1C17CA6700DEA030 /* PBXContainerItemProxy */;
		};
/* End PBXTargetDependency section */

/* Begin PBXVariantGroup section */
		18F9CFA11C17CA6600DEA030 /* Main.storyboard */ = {
			isa = PBXVariantGroup;
			children = (
				18F9CFA21C17CA6600DEA030 /* Base */,
			);
			name = Main.storyboard;
			sourceTree = "<group>";
		};
		18F9CFA61C17CA6600DEA030 /* LaunchScreen.storyboard */ = {
			isa = PBXVariantGroup;
			children = (
				18F9CFA71C17CA6600DEA030 /* Base */,
			);
			name = LaunchScreen.storyboard;
			sourceTree = "<group>";
		};
/* End PBXVariantGroup section */

/* Begin XCBuildConfiguration section */
		18F9CFC01C17CA6700DEA030 /* Debug */ = {
			isa = XCBuildConfiguration;
			buildSettings = {
				ALWAYS_SEARCH_USER_PATHS = NO;
				CLANG_CXX_LANGUAGE_STANDARD = "gnu++0x";
				CLANG_CXX_LIBRARY = "libc++";
				CLANG_ENABLE_MODULES = YES;
				CLANG_ENABLE_OBJC_ARC = YES;
				CLANG_WARN_BOOL_CONVERSION = YES;
				CLANG_WARN_CONSTANT_CONVERSION = YES;
				CLANG_WARN_DIRECT_OBJC_ISA_USAGE = YES_ERROR;
				CLANG_WARN_EMPTY_BODY = YES;
				CLANG_WARN_ENUM_CONVERSION = YES;
				CLANG_WARN_INT_CONVERSION = YES;
				CLANG_WARN_OBJC_ROOT_CLASS = YES_ERROR;
				CLANG_WARN_UNREACHABLE_CODE = YES;
				CLANG_WARN__DUPLICATE_METHOD_MATCH = YES;
				"CODE_SIGN_IDENTITY[sdk=iphoneos*]" = "iPhone Developer";
				COPY_PHASE_STRIP = NO;
				DEBUG_INFORMATION_FORMAT = dwarf;
				ENABLE_STRICT_OBJC_MSGSEND = YES;
				ENABLE_TESTABILITY = YES;
				GCC_C_LANGUAGE_STANDARD = gnu99;
				GCC_DYNAMIC_NO_PIC = NO;
				GCC_NO_COMMON_BLOCKS = YES;
				GCC_OPTIMIZATION_LEVEL = 0;
				GCC_PREPROCESSOR_DEFINITIONS = (
					"DEBUG=1",
					"$(inherited)",
				);
				GCC_WARN_64_TO_32_BIT_CONVERSION = YES;
				GCC_WARN_ABOUT_RETURN_TYPE = YES_ERROR;
				GCC_WARN_UNDECLARED_SELECTOR = YES;
				GCC_WARN_UNINITIALIZED_AUTOS = YES_AGGRESSIVE;
				GCC_WARN_UNUSED_FUNCTION = YES;
				GCC_WARN_UNUSED_VARIABLE = YES;
				IPHONEOS_DEPLOYMENT_TARGET = 9.1;
				MTL_ENABLE_DEBUG_INFO = YES;
				ONLY_ACTIVE_ARCH = YES;
				SDKROOT = iphoneos;
			};
			name = Debug;
		};
		18F9CFC11C17CA6700DEA030 /* Release */ = {
			isa = XCBuildConfiguration;
			buildSettings = {
				ALWAYS_SEARCH_USER_PATHS = NO;
				CLANG_CXX_LANGUAGE_STANDARD = "gnu++0x";
				CLANG_CXX_LIBRARY = "libc++";
				CLANG_ENABLE_MODULES = YES;
				CLANG_ENABLE_OBJC_ARC = YES;
				CLANG_WARN_BOOL_CONVERSION = YES;
				CLANG_WARN_CONSTANT_CONVERSION = YES;
				CLANG_WARN_DIRECT_OBJC_ISA_USAGE = YES_ERROR;
				CLANG_WARN_EMPTY_BODY = YES;
				CLANG_WARN_ENUM_CONVERSION = YES;
				CLANG_WARN_INT_CONVERSION = YES;
				CLANG_WARN_OBJC_ROOT_CLASS = YES_ERROR;
				CLANG_WARN_UNREACHABLE_CODE = YES;
				CLANG_WARN__DUPLICATE_METHOD_MATCH = YES;
				"CODE_SIGN_IDENTITY[sdk=iphoneos*]" = "iPhone Developer";
				COPY_PHASE_STRIP = NO;
				DEBUG_INFORMATION_FORMAT = "dwarf-with-dsym";
				ENABLE_NS_ASSERTIONS = NO;
				ENABLE_STRICT_OBJC_MSGSEND = YES;
				GCC_C_LANGUAGE_STANDARD = gnu99;
				GCC_NO_COMMON_BLOCKS = YES;
				GCC_WARN_64_TO_32_BIT_CONVERSION = YES;
				GCC_WARN_ABOUT_RETURN_TYPE = YES_ERROR;
				GCC_WARN_UNDECLARED_SELECTOR = YES;
				GCC_WARN_UNINITIALIZED_AUTOS = YES_AGGRESSIVE;
				GCC_WARN_UNUSED_FUNCTION = YES;
				GCC_WARN_UNUSED_VARIABLE = YES;
				IPHONEOS_DEPLOYMENT_TARGET = 9.1;
				MTL_ENABLE_DEBUG_INFO = NO;
				SDKROOT = iphoneos;
				VALIDATE_PRODUCT = YES;
			};
			name = Release;
		};
		18F9CFC31C17CA6700DEA030 /* Debug */ = {
			isa = XCBuildConfiguration;
			buildSettings = {
				ASSETCATALOG_COMPILER_APPICON_NAME = AppIcon;
				INFOPLIST_FILE = HYCardView/Info.plist;
				LD_RUNPATH_SEARCH_PATHS = "$(inherited) @executable_path/Frameworks";
				PRODUCT_BUNDLE_IDENTIFIER = com.hyyy.HYCardView;
				PRODUCT_NAME = "$(TARGET_NAME)";
			};
			name = Debug;
		};
		18F9CFC41C17CA6700DEA030 /* Release */ = {
			isa = XCBuildConfiguration;
			buildSettings = {
				ASSETCATALOG_COMPILER_APPICON_NAME = AppIcon;
				INFOPLIST_FILE = HYCardView/Info.plist;
				LD_RUNPATH_SEARCH_PATHS = "$(inherited) @executable_path/Frameworks";
				PRODUCT_BUNDLE_IDENTIFIER = com.hyyy.HYCardView;
				PRODUCT_NAME = "$(TARGET_NAME)";
			};
			name = Release;
		};
		18F9CFC61C17CA6700DEA030 /* Debug */ = {
			isa = XCBuildConfiguration;
			buildSettings = {
				BUNDLE_LOADER = "$(TEST_HOST)";
				INFOPLIST_FILE = HYCardViewTests/Info.plist;
				LD_RUNPATH_SEARCH_PATHS = "$(inherited) @executable_path/Frameworks @loader_path/Frameworks";
				PRODUCT_BUNDLE_IDENTIFIER = com.hyyy.HYCardViewTests;
				PRODUCT_NAME = "$(TARGET_NAME)";
				TEST_HOST = "$(BUILT_PRODUCTS_DIR)/HYCardView.app/HYCardView";
			};
			name = Debug;
		};
		18F9CFC71C17CA6700DEA030 /* Release */ = {
			isa = XCBuildConfiguration;
			buildSettings = {
				BUNDLE_LOADER = "$(TEST_HOST)";
				INFOPLIST_FILE = HYCardViewTests/Info.plist;
				LD_RUNPATH_SEARCH_PATHS = "$(inherited) @executable_path/Frameworks @loader_path/Frameworks";
				PRODUCT_BUNDLE_IDENTIFIER = com.hyyy.HYCardViewTests;
				PRODUCT_NAME = "$(TARGET_NAME)";
				TEST_HOST = "$(BUILT_PRODUCTS_DIR)/HYCardView.app/HYCardView";
			};
			name = Release;
		};
		18F9CFC91C17CA6700DEA030 /* Debug */ = {
			isa = XCBuildConfiguration;
			buildSettings = {
				INFOPLIST_FILE = HYCardViewUITests/Info.plist;
				LD_RUNPATH_SEARCH_PATHS = "$(inherited) @executable_path/Frameworks @loader_path/Frameworks";
				PRODUCT_BUNDLE_IDENTIFIER = com.hyyy.HYCardViewUITests;
				PRODUCT_NAME = "$(TARGET_NAME)";
				TEST_TARGET_NAME = HYCardView;
				USES_XCTRUNNER = YES;
			};
			name = Debug;
		};
		18F9CFCA1C17CA6700DEA030 /* Release */ = {
			isa = XCBuildConfiguration;
			buildSettings = {
				INFOPLIST_FILE = HYCardViewUITests/Info.plist;
				LD_RUNPATH_SEARCH_PATHS = "$(inherited) @executable_path/Frameworks @loader_path/Frameworks";
				PRODUCT_BUNDLE_IDENTIFIER = com.hyyy.HYCardViewUITests;
				PRODUCT_NAME = "$(TARGET_NAME)";
				TEST_TARGET_NAME = HYCardView;
				USES_XCTRUNNER = YES;
			};
			name = Release;
		};
/* End XCBuildConfiguration section */

/* Begin XCConfigurationList section */
		18F9CF901C17CA6600DEA030 /* Build configuration list for PBXProject "HYCardView" */ = {
			isa = XCConfigurationList;
			buildConfigurations = (
				18F9CFC01C17CA6700DEA030 /* Debug */,
				18F9CFC11C17CA6700DEA030 /* Release */,
			);
			defaultConfigurationIsVisible = 0;
			defaultConfigurationName = Release;
		};
		18F9CFC21C17CA6700DEA030 /* Build configuration list for PBXNativeTarget "HYCardView" */ = {
			isa = XCConfigurationList;
			buildConfigurations = (
				18F9CFC31C17CA6700DEA030 /* Debug */,
				18F9CFC41C17CA6700DEA030 /* Release */,
			);
			defaultConfigurationIsVisible = 0;
		};
		18F9CFC51C17CA6700DEA030 /* Build configuration list for PBXNativeTarget "HYCardViewTests" */ = {
			isa = XCConfigurationList;
			buildConfigurations = (
				18F9CFC61C17CA6700DEA030 /* Debug */,
				18F9CFC71C17CA6700DEA030 /* Release */,
			);
			defaultConfigurationIsVisible = 0;
		};
		18F9CFC81C17CA6700DEA030 /* Build configuration list for PBXNativeTarget "HYCardViewUITests" */ = {
			isa = XCConfigurationList;
			buildConfigurations = (
				18F9CFC91C17CA6700DEA030 /* Debug */,
				18F9CFCA1C17CA6700DEA030 /* Release */,
			);
			defaultConfigurationIsVisible = 0;
		};
/* End XCConfigurationList section */
	};
	rootObject = 18F9CF8D1C17CA6600DEA030 /* Project object */;
}
